
Microsoft Visual Studio Solution File, Format Version 12.00
# Visual Studio Version 17
VisualStudioVersion = 17.2.32630.192
MinimumVisualStudioVersion = 10.0.40219.1
Project("{FAE04EC0-301F-11D3-BF4B-00C04F79EFBC}") = "SalesWebMvc", "SalesWebMvc\SalesWebMvc.csproj", "{8D490DA3-6D15-4A5B-87F7-AD54C199956E}"
EndProject
Global
	GlobalSection(SolutionConfigurationPlatforms) = preSolution
		Debug|Any CPU = Debug|Any CPU
		Release|Any CPU = Release|Any CPU
	EndGlobalSection
	GlobalSection(ProjectConfigurationPlatforms) = postSolution
		{8D490DA3-6D15-4A5B-87F7-AD54C199956E}.Debug|Any CPU.ActiveCfg = Debug|Any CPU
		{8D490DA3-6D15-4A5B-87F7-AD54C199956E}.Debug|Any CPU.Build.0 = Debug|Any CPU
		{8D490DA3-6D15-4A5B-87F7-AD54C199956E}.Release|Any CPU.ActiveCfg = Release|Any CPU
		{8D490DA3-6D15-4A5B-87F7-AD54C199956E}.Release|Any CPU.Build.0 = Release|Any CPU
	EndGlobalSection
	GlobalSection(SolutionProperties) = preSolution
		HideSolutionNode = FALSE
	EndGlobalSection
	GlobalSection(ExtensibilityGlobals) = postSolution
		SolutionGuid = {DA90A885-50F3-4CB1-90F0-08B2C5B0D27B}
	EndGlobalSection
EndGlobal
